
Microsoft Visual Studio Solution File, Format Version 12.00
# Visual Studio Version 17
VisualStudioVersion = 17.11.35111.106
MinimumVisualStudioVersion = 10.0.40219.1
Project("{FAE04EC0-301F-11D3-BF4B-00C04F79EFBC}") = "ChromaControl.AppHost", "src\AppHost\ChromaControl.AppHost.csproj", "{81723F73-B9B2-47D2-9B25-3A7288779C59}"
EndProject
Global
	GlobalSection(SolutionConfigurationPlatforms) = preSolution
		Debug|Any CPU = Debug|Any CPU
		Release|Any CPU = Release|Any CPU
	EndGlobalSection
	GlobalSection(ProjectConfigurationPlatforms) = postSolution
		{81723F73-B9B2-47D2-9B25-3A7288779C59}.Debug|Any CPU.ActiveCfg = Debug|Any CPU
		{81723F73-B9B2-47D2-9B25-3A7288779C59}.Debug|Any CPU.Build.0 = Debug|Any CPU
		{81723F73-B9B2-47D2-9B25-3A7288779C59}.Release|Any CPU.ActiveCfg = Release|Any CPU
		{81723F73-B9B2-47D2-9B25-3A7288779C59}.Release|Any CPU.Build.0 = Release|Any CPU
	EndGlobalSection
	GlobalSection(SolutionProperties) = preSolution
		HideSolutionNode = FALSE
	EndGlobalSection
	GlobalSection(ExtensibilityGlobals) = postSolution
		SolutionGuid = {678D1D26-E539-418D-AD32-16D32B5BE766}
	EndGlobalSection
EndGlobal
